
Microsoft Visual Studio Solution File, Format Version 12.00
# Visual Studio 15
VisualStudioVersion = 15.0.28307.168
MinimumVisualStudioVersion = 10.0.40219.1
Project("{FAE04EC0-301F-11D3-BF4B-00C04F79EFBC}") = "Hello_World", "Hello_World\Hello_World.csproj", "{4503CE49-713E-4E44-80E4-A1AE73BFBEB8}"
EndProject
Global
	GlobalSection(SolutionConfigurationPlatforms) = preSolution
		Debug|Any CPU = Debug|Any CPU
		Release|Any CPU = Release|Any CPU
	EndGlobalSection
	GlobalSection(ProjectConfigurationPlatforms) = postSolution
		{4503CE49-713E-4E44-80E4-A1AE73BFBEB8}.Debug|Any CPU.ActiveCfg = Debug|Any CPU
		{4503CE49-713E-4E44-80E4-A1AE73BFBEB8}.Debug|Any CPU.Build.0 = Debug|Any CPU
		{4503CE49-713E-4E44-80E4-A1AE73BFBEB8}.Release|Any CPU.ActiveCfg = Release|Any CPU
		{4503CE49-713E-4E44-80E4-A1AE73BFBEB8}.Release|Any CPU.Build.0 = Release|Any CPU
	EndGlobalSection
	GlobalSection(SolutionProperties) = preSolution
		HideSolutionNode = FALSE
	EndGlobalSection
	GlobalSection(ExtensibilityGlobals) = postSolution
		SolutionGuid = {C4AA7FBC-03B5-46F4-8F07-88DBDCABB7F1}
	EndGlobalSection
EndGlobal
